
Microsoft Visual Studio Solution File, Format Version 12.00
# Visual Studio Version 17
VisualStudioVersion = 17.1.31911.260
MinimumVisualStudioVersion = 10.0.40219.1
Project("{9A19103F-16F7-4668-BE54-9A1E7A4F7556}") = "Stock.Api", "StockAPI\Stock.Api.csproj", "{3A3C1823-26CB-48A4-AA4B-AF080DBF8C8C}"
EndProject
Project("{FAE04EC0-301F-11D3-BF4B-00C04F79EFBC}") = "Stock.DAL", "Stock.DAL\Stock.DAL.csproj", "{F67D487E-52ED-4A09-9C91-287252B3A2B1}"
EndProject
Project("{FAE04EC0-301F-11D3-BF4B-00C04F79EFBC}") = "Stock.Repository", "Stock.Repository\Stock.Repository.csproj", "{20E69714-998F-4057-84E2-71B0FA7067AA}"
EndProject
Global
	GlobalSection(SolutionConfigurationPlatforms) = preSolution
		Debug|Any CPU = Debug|Any CPU
		Release|Any CPU = Release|Any CPU
	EndGlobalSection
	GlobalSection(ProjectConfigurationPlatforms) = postSolution
		{3A3C1823-26CB-48A4-AA4B-AF080DBF8C8C}.Debug|Any CPU.ActiveCfg = Debug|Any CPU
		{3A3C1823-26CB-48A4-AA4B-AF080DBF8C8C}.Debug|Any CPU.Build.0 = Debug|Any CPU
		{3A3C1823-26CB-48A4-AA4B-AF080DBF8C8C}.Release|Any CPU.ActiveCfg = Release|Any CPU
		{3A3C1823-26CB-48A4-AA4B-AF080DBF8C8C}.Release|Any CPU.Build.0 = Release|Any CPU
		{F67D487E-52ED-4A09-9C91-287252B3A2B1}.Debug|Any CPU.ActiveCfg = Debug|Any CPU
		{F67D487E-52ED-4A09-9C91-287252B3A2B1}.Debug|Any CPU.Build.0 = Debug|Any CPU
		{F67D487E-52ED-4A09-9C91-287252B3A2B1}.Release|Any CPU.ActiveCfg = Release|Any CPU
		{F67D487E-52ED-4A09-9C91-287252B3A2B1}.Release|Any CPU.Build.0 = Release|Any CPU
		{20E69714-998F-4057-84E2-71B0FA7067AA}.Debug|Any CPU.ActiveCfg = Debug|Any CPU
		{20E69714-998F-4057-84E2-71B0FA7067AA}.Debug|Any CPU.Build.0 = Debug|Any CPU
		{20E69714-998F-4057-84E2-71B0FA7067AA}.Release|Any CPU.ActiveCfg = Release|Any CPU
		{20E69714-998F-4057-84E2-71B0FA7067AA}.Release|Any CPU.Build.0 = Release|Any CPU
	EndGlobalSection
	GlobalSection(SolutionProperties) = preSolution
		HideSolutionNode = FALSE
	EndGlobalSection
	GlobalSection(ExtensibilityGlobals) = postSolution
		SolutionGuid = {6060A21B-63B9-4BA9-BFF4-6FE6A322A88A}
	EndGlobalSection
EndGlobal
